
Microsoft Visual Studio Solution File, Format Version 12.00
# Visual Studio Version 17
VisualStudioVersion = 17.5.002.0
MinimumVisualStudioVersion = 10.0.40219.1
Project("{9A19103F-16F7-4668-BE54-9A1E7A4F7556}") = "backend", "backend.csproj", "{31C2186B-4AE0-4EE5-A674-44B66FA78D34}"
EndProject
Global
	GlobalSection(SolutionConfigurationPlatforms) = preSolution
		Debug|Any CPU = Debug|Any CPU
		Release|Any CPU = Release|Any CPU
	EndGlobalSection
	GlobalSection(ProjectConfigurationPlatforms) = postSolution
		{31C2186B-4AE0-4EE5-A674-44B66FA78D34}.Debug|Any CPU.ActiveCfg = Debug|Any CPU
		{31C2186B-4AE0-4EE5-A674-44B66FA78D34}.Debug|Any CPU.Build.0 = Debug|Any CPU
		{31C2186B-4AE0-4EE5-A674-44B66FA78D34}.Release|Any CPU.ActiveCfg = Release|Any CPU
		{31C2186B-4AE0-4EE5-A674-44B66FA78D34}.Release|Any CPU.Build.0 = Release|Any CPU
	EndGlobalSection
	GlobalSection(SolutionProperties) = preSolution
		HideSolutionNode = FALSE
	EndGlobalSection
	GlobalSection(ExtensibilityGlobals) = postSolution
		SolutionGuid = {A1F9C7E2-6C95-4A75-AA07-743540F7B8D4}
	EndGlobalSection
EndGlobal
